
Microsoft Visual Studio Solution File, Format Version 12.00
# Visual Studio Version 17
VisualStudioVersion = 17.7.34031.279
MinimumVisualStudioVersion = 10.0.40219.1
Project("{FAE04EC0-301F-11D3-BF4B-00C04F79EFBC}") = "CS341Lab3", "CS341Lab3.csproj", "{7AEEFE22-BDD4-476C-B227-7F47CCC5F7AA}"
EndProject
Global
	GlobalSection(SolutionConfigurationPlatforms) = preSolution
		Debug|Any CPU = Debug|Any CPU
		Release|Any CPU = Release|Any CPU
	EndGlobalSection
	GlobalSection(ProjectConfigurationPlatforms) = postSolution
		{7AEEFE22-BDD4-476C-B227-7F47CCC5F7AA}.Debug|Any CPU.ActiveCfg = Debug|Any CPU
		{7AEEFE22-BDD4-476C-B227-7F47CCC5F7AA}.Debug|Any CPU.Build.0 = Debug|Any CPU
		{7AEEFE22-BDD4-476C-B227-7F47CCC5F7AA}.Debug|Any CPU.Deploy.0 = Debug|Any CPU
		{7AEEFE22-BDD4-476C-B227-7F47CCC5F7AA}.Release|Any CPU.ActiveCfg = Release|Any CPU
		{7AEEFE22-BDD4-476C-B227-7F47CCC5F7AA}.Release|Any CPU.Build.0 = Release|Any CPU
		{7AEEFE22-BDD4-476C-B227-7F47CCC5F7AA}.Release|Any CPU.Deploy.0 = Release|Any CPU
	EndGlobalSection
	GlobalSection(SolutionProperties) = preSolution
		HideSolutionNode = FALSE
	EndGlobalSection
	GlobalSection(ExtensibilityGlobals) = postSolution
		SolutionGuid = {922B55D9-B0A8-43C7-B20E-0B23CFD7169A}
	EndGlobalSection
EndGlobal
